<?xml version="1.0" encoding="utf-8"?>
<Project ToolsVersion="4.0" xmlns="http://schemas.microsoft.com/developer/msbuild/2003">
  <ItemGroup>
    <Filter Include="Background">
      <UniqueIdentifier>{349abbd9-690d-46a0-97c3-6f43228392ce}</UniqueIdentifier>
    </Filter>
    <Filter Include="Entities">
      <UniqueIdentifier>{c5109352-6a18-4f9d-985e-b4d02be3b4e7}</UniqueIdentifier>
    </Filter>
    <Filter Include="Game">
      <UniqueIdentifier>{7fed4bb5-5996-4edf-9516-bd765bc73460}</UniqueIdentifier>
    </Filter>
    <Filter Include="States">
      <UniqueIdentifier>{7455e12f-91ae-452c-b098-2b18bc884313}</UniqueIdentifier>
    </Filter>
    <Filter Include="Interface">
      <UniqueIdentifier>{0a320a3d-e051-4a27-984c-a35c152c7342}</UniqueIdentifier>
    </Filter>
  </ItemGroup>
  <ItemGroup>
    <ClCompile Include="src\background\BackgroundManager.cpp">
      <Filter>Background</Filter>
    </ClCompile>
    <ClCompile Include="src\entities\Ball.cpp">
      <Filter>Entities</Filter>
    </ClCompile>
    <ClCompile Include="src\game\Game.cpp">
      <Filter>Game</Filter>
    </ClCompile>
    <ClCompile Include="src\entities\ObstacleManager.cpp">
      <Filter>Entities</Filter>
    </ClCompile>
    <ClCompile Include="src\entities\Obstacle.cpp">
      <Filter>Entities</Filter>
    </ClCompile>
    <ClCompile Include="src\states\CreditsState.cpp">
      <Filter>States</Filter>
    </ClCompile>
    <ClCompile Include="src\states\GameplayState.cpp">
      <Filter>States</Filter>
    </ClCompile>
    <ClCompile Include="src\states\MenuState.cpp">
      <Filter>States</Filter>
    </ClCompile>
    <ClCompile Include="src\interface\Button.cpp">
      <Filter>Interface</Filter>
    </ClCompile>
  </ItemGroup>
  <ItemGroup>
    <ClInclude Include="src\background\BackgroundManager.h">
      <Filter>Background</Filter>
    </ClInclude>
    <ClInclude Include="src\entities\Ball.h">
      <Filter>Entities</Filter>
    </ClInclude>
    <ClInclude Include="src\game\Game.h">
      <Filter>Game</Filter>
    </ClInclude>
    <ClInclude Include="src\entities\Obstacle.h">
      <Filter>Entities</Filter>
    </ClInclude>
    <ClInclude Include="src\entities\ObstacleManager.h">
      <Filter>Entities</Filter>
    </ClInclude>
    <ClInclude Include="src\states\CreditsState.h">
      <Filter>States</Filter>
    </ClInclude>
    <ClInclude Include="src\states\GameplayState.h">
      <Filter>States</Filter>
    </ClInclude>
    <ClInclude Include="src\states\MenuState.h">
      <Filter>States</Filter>
    </ClInclude>
    <ClInclude Include="src\interface\Button.h">
      <Filter>Interface</Filter>
    </ClInclude>
  </ItemGroup>
</Project>